# This file is autogenerated, do not edit; changes may be undone by the next 'dep ensure'.


[[projects]]
  branch = "master"
  name = "github.com/firstrow/tcp_server"
  packages = ["."]
  revision = "3c550f1587f05cb2e740396738f2723dbb0ee7b1"

[solve-meta]
  analyzer-name = "dep"
  analyzer-version = 1
  inputs-digest = "495196234e80b0682a440e38856378a6c94767db3cc88fadec89099d4fb8654c"
  solver-name = "gps-cdcl"
  solver-version = 1
